
Microsoft Visual Studio Solution File, Format Version 12.00
# Visual Studio Version 17
VisualStudioVersion = 17.12.35707.178 d17.12
MinimumVisualStudioVersion = 10.0.40219.1
Project("{FAE04EC0-301F-11D3-BF4B-00C04F79EFBC}") = "JokesWebApp", "JokesWebApp.csproj", "{BE0C9581-6031-4B5E-B3AF-81390E5D61FA}"
EndProject
Global
	GlobalSection(SolutionConfigurationPlatforms) = preSolution
		Debug|Any CPU = Debug|Any CPU
		Release|Any CPU = Release|Any CPU
	EndGlobalSection
	GlobalSection(ProjectConfigurationPlatforms) = postSolution
		{BE0C9581-6031-4B5E-B3AF-81390E5D61FA}.Debug|Any CPU.ActiveCfg = Debug|Any CPU
		{BE0C9581-6031-4B5E-B3AF-81390E5D61FA}.Debug|Any CPU.Build.0 = Debug|Any CPU
		{BE0C9581-6031-4B5E-B3AF-81390E5D61FA}.Release|Any CPU.ActiveCfg = Release|Any CPU
		{BE0C9581-6031-4B5E-B3AF-81390E5D61FA}.Release|Any CPU.Build.0 = Release|Any CPU
	EndGlobalSection
	GlobalSection(SolutionProperties) = preSolution
		HideSolutionNode = FALSE
	EndGlobalSection
EndGlobal
